
Microsoft Visual Studio Solution File, Format Version 12.00
Project("{FAE04EC0-301F-11D3-BF4B-00C04F79EFBC}") = "Laba4", "Laba4\Laba4.csproj", "{C06AA667-00D7-4603-9FCF-CBF4E920B4E5}"
EndProject
Global
	GlobalSection(SolutionConfigurationPlatforms) = preSolution
		Debug|Any CPU = Debug|Any CPU
		Release|Any CPU = Release|Any CPU
	EndGlobalSection
	GlobalSection(ProjectConfigurationPlatforms) = postSolution
		{C06AA667-00D7-4603-9FCF-CBF4E920B4E5}.Debug|Any CPU.ActiveCfg = Debug|Any CPU
		{C06AA667-00D7-4603-9FCF-CBF4E920B4E5}.Debug|Any CPU.Build.0 = Debug|Any CPU
		{C06AA667-00D7-4603-9FCF-CBF4E920B4E5}.Release|Any CPU.ActiveCfg = Release|Any CPU
		{C06AA667-00D7-4603-9FCF-CBF4E920B4E5}.Release|Any CPU.Build.0 = Release|Any CPU
	EndGlobalSection
EndGlobal
